{
    "_readme": [
        "This file locks the dependencies of your project to a known state",
        "Read more about it at http://getcomposer.org/doc/01-basic-usage.md#composer-lock-the-lock-file"
    ],
    "hash": "0743e2aff828dfc6acc9be7657ad4d9c",
    "packages": [
        {
            "name": "benthedesigner/dropbox",
            "version": "dev-master",
            "source": {
                "type": "git",
                "url": "https://github.com/BenTheDesigner/Dropbox.git",
                "reference": "94de100581fc103920786d38d4aa5433802d3842"
            },
            "dist": {
                "type": "zip",
                "url": "https://api.github.com/repos/BenTheDesigner/Dropbox/zipball/94de100581fc103920786d38d4aa5433802d3842",
                "reference": "94de100581fc103920786d38d4aa5433802d3842",
                "shasum": ""
            },
            "require": {
                "php": ">=5.3.1"
            },
            "type": "library",
            "autoload": {
                "psr-0": {
                    "Dropbox": ""
                }
            },
            "notification-url": "https://packagist.org/downloads/",
            "license": [
                "MIT"
            ],
            "authors": [
                {
                    "name": "Ben Tadiar",
                    "email": "ben@handcraftedbyben.co.uk",
                    "role": "Developer"
                }
            ],
            "description": "PHP 5.3 SDK for the Dropbox REST API",
            "homepage": "https://github.com/BenTheDesigner/Dropbox",
            "keywords": [
                "api",
                "dropbox"
            ],
            "time": "2013-04-15 07:34:33"
        },
        {
            "name": "doctrine/collections",
            "version": "dev-master",
            "source": {
                "type": "git",
                "url": "https://github.com/doctrine/collections.git",
                "reference": "bcb53776a096a0c64579cc8d8ec0db62f1109fbc"
            },
            "dist": {
                "type": "zip",
                "url": "https://api.github.com/repos/doctrine/collections/zipball/bcb53776a096a0c64579cc8d8ec0db62f1109fbc",
                "reference": "bcb53776a096a0c64579cc8d8ec0db62f1109fbc",
                "shasum": ""
            },
            "require": {
                "php": ">=5.3.2"
            },
            "type": "library",
            "extra": {
                "branch-alias": {
                    "dev-master": "1.2.x-dev"
                }
            },
            "autoload": {
                "psr-0": {
                    "Doctrine\\Common\\Collections\\": "lib/"
                }
            },
            "notification-url": "https://packagist.org/downloads/",
            "license": [
                "MIT"
            ],
            "authors": [
                {
                    "name": "Jonathan Wage",
                    "email": "jonwage@gmail.com",
                    "homepage": "http://www.jwage.com/"
                },
                {
                    "name": "Guilherme Blanco",
                    "email": "guilhermeblanco@gmail.com",
                    "homepage": "http://www.instaclick.com"
                },
                {
                    "name": "Roman Borschel",
                    "email": "roman@code-factory.org"
                },
                {
                    "name": "Benjamin Eberlei",
                    "email": "kontakt@beberlei.de"
                },
                {
                    "name": "Johannes M. Schmitt",
                    "email": "schmittjoh@gmail.com",
                    "homepage": "http://jmsyst.com",
                    "role": "Developer of wrapped JMSSerializerBundle"
                }
            ],
            "description": "Collections Abstraction library",
            "homepage": "http://www.doctrine-project.org",
            "keywords": [
                "array",
                "collections",
                "iterator"
            ],
            "time": "2013-08-29 16:56:45"
        },
        {
            "name": "guzzle/guzzle",
            "version": "dev-master",
            "source": {
                "type": "git",
                "url": "https://github.com/guzzle/guzzle.git",
                "reference": "40602780fcc40ceddef43216334da6ad0ddb7ff3"
            },
            "dist": {
                "type": "zip",
                "url": "https://api.github.com/repos/guzzle/guzzle/zipball/40602780fcc40ceddef43216334da6ad0ddb7ff3",
                "reference": "40602780fcc40ceddef43216334da6ad0ddb7ff3",
                "shasum": ""
            },
            "require": {
                "ext-curl": "*",
                "php": ">=5.3.2",
                "symfony/event-dispatcher": ">=2.1"
            },
            "replace": {
                "guzzle/batch": "self.version",
                "guzzle/cache": "self.version",
                "guzzle/common": "self.version",
                "guzzle/http": "self.version",
                "guzzle/inflection": "self.version",
                "guzzle/iterator": "self.version",
                "guzzle/log": "self.version",
                "guzzle/parser": "self.version",
                "guzzle/plugin": "self.version",
                "guzzle/plugin-async": "self.version",
                "guzzle/plugin-backoff": "self.version",
                "guzzle/plugin-cache": "self.version",
                "guzzle/plugin-cookie": "self.version",
                "guzzle/plugin-curlauth": "self.version",
                "guzzle/plugin-error-response": "self.version",
                "guzzle/plugin-history": "self.version",
                "guzzle/plugin-log": "self.version",
                "guzzle/plugin-md5": "self.version",
                "guzzle/plugin-mock": "self.version",
                "guzzle/plugin-oauth": "self.version",
                "guzzle/service": "self.version",
                "guzzle/stream": "self.version"
            },
            "require-dev": {
                "doctrine/cache": "*",
                "monolog/monolog": "1.*",
                "phpunit/phpunit": "3.7.*",
                "psr/log": "1.0.*",
                "symfony/class-loader": "*",
                "zendframework/zend-cache": "2.0.*",
                "zendframework/zend-log": "2.0.*"
            },
            "type": "library",
            "extra": {
                "branch-alias": {
                    "dev-master": "3.7-dev"
                }
            },
            "autoload": {
                "psr-0": {
                    "Guzzle\\Tests": "tests/",
                    "Guzzle": "src/"
                }
            },
            "notification-url": "https://packagist.org/downloads/",
            "license": [
                "MIT"
            ],
            "authors": [
                {
                    "name": "Michael Dowling",
                    "email": "mtdowling@gmail.com",
                    "homepage": "https://github.com/mtdowling"
                },
                {
                    "name": "Guzzle Community",
                    "homepage": "https://github.com/guzzle/guzzle/contributors"
                }
            ],
            "description": "Guzzle is a PHP HTTP client library and framework for building RESTful web service clients",
            "homepage": "http://guzzlephp.org/",
            "keywords": [
                "client",
                "curl",
                "framework",
                "http",
                "http client",
                "rest",
                "web service"
            ],
            "time": "2013-08-29 20:54:09"
        },
        {
            "name": "symfony/event-dispatcher",
            "version": "v2.3.4",
            "target-dir": "Symfony/Component/EventDispatcher",
            "source": {
                "type": "git",
                "url": "https://github.com/symfony/EventDispatcher.git",
                "reference": "41c9826457c65fa3cf746f214985b7ca9cba42f8"
            },
            "dist": {
                "type": "zip",
                "url": "https://api.github.com/repos/symfony/EventDispatcher/zipball/41c9826457c65fa3cf746f214985b7ca9cba42f8",
                "reference": "41c9826457c65fa3cf746f214985b7ca9cba42f8",
                "shasum": ""
            },
            "require": {
                "php": ">=5.3.3"
            },
            "require-dev": {
                "symfony/dependency-injection": "~2.0"
            },
            "suggest": {
                "symfony/dependency-injection": "",
                "symfony/http-kernel": ""
            },
            "type": "library",
            "extra": {
                "branch-alias": {
                    "dev-master": "2.3-dev"
                }
            },
            "autoload": {
                "psr-0": {
                    "Symfony\\Component\\EventDispatcher\\": ""
                }
            },
            "notification-url": "https://packagist.org/downloads/",
            "license": [
                "MIT"
            ],
            "authors": [
                {
                    "name": "Fabien Potencier",
                    "email": "fabien@symfony.com"
                },
                {
                    "name": "Symfony Community",
                    "homepage": "http://symfony.com/contributors"
                }
            ],
            "description": "Symfony EventDispatcher Component",
            "homepage": "http://symfony.com",
            "time": "2013-07-21 12:12:18"
        },
        {
            "name": "zendframework/zend-escaper",
            "version": "2.2.4",
            "target-dir": "Zend/Escaper",
            "source": {
                "type": "git",
                "url": "https://github.com/zendframework/Component_ZendEscaper.git",
                "reference": "5db67b32359d86326077209f1fefbbf1183911e8"
            },
            "dist": {
                "type": "zip",
                "url": "https://packages.zendframework.com/composer/zendframework-zend-escaper-5db67b32359d86326077209f1fefbbf1183911e8-zip-2c10f9.zip",
                "reference": "2.2.4",
                "shasum": "84dc4cd44c6329f2ad5ad6edd7ebc80a81818de6"
            },
            "require": {
                "php": ">=5.3.3"
            },
            "type": "library",
            "extra": {
                "branch-alias": {
                    "dev-master": "2.2-dev",
                    "dev-develop": "2.3-dev"
                }
            },
            "autoload": {
                "psr-0": {
                    "Zend\\Escaper\\": ""
                }
            },
            "license": [
                "BSD-3-Clause"
            ],
            "description": " ",
            "keywords": [
                "escaper",
                "zf2"
            ],
            "support": {
                "source": "https://github.com/zendframework/Component_ZendEscaper/tree/release-2.2.0rc1"
            },
            "time": "2013-05-01 21:53:03"
        },
        {
            "name": "zendframework/zend-feed",
            "version": "2.2.4",
            "target-dir": "Zend/Feed",
            "source": {
                "type": "git",
                "url": "https://github.com/zendframework/Component_ZendFeed.git",
                "reference": "8fd74c4c166fb46246abc2b70d65c024439a9798"
            },
            "dist": {
                "type": "zip",
                "url": "https://packages.zendframework.com/composer/zendframework-zend-feed-8fd74c4c166fb46246abc2b70d65c024439a9798-zip-3672fb.zip",
                "reference": "2.2.4",
                "shasum": "194236bb8dd46fe324404db331d76fa135834a0b"
            },
            "require": {
                "php": ">=5.3.3",
                "zendframework/zend-escaper": "self.version",
                "zendframework/zend-stdlib": "self.version"
            },
            "suggest": {
                "zendframework/zend-http": "Zend\\Http for PubSubHubbub, and optionally for use with Zend\\Feed\\Reader",
                "zendframework/zend-servicemanager": "Zend\\ServiceManager component, for default/recommended ExtensionManager implementations",
                "zendframework/zend-validator": "Zend\\Validator component"
            },
            "type": "library",
            "extra": {
                "branch-alias": {
                    "dev-master": "2.2-dev",
                    "dev-develop": "2.3-dev"
                }
            },
            "autoload": {
                "psr-0": {
                    "Zend\\Feed\\": ""
                }
            },
            "license": [
                "BSD-3-Clause"
            ],
            "description": "provides functionality for consuming RSS and Atom feeds",
            "keywords": [
                "feed",
                "zf2"
            ],
            "support": {
                "source": "https://github.com/zendframework/Component_ZendFeed/tree/release-2.2.2"
            },
            "time": "2013-06-28 17:00:15"
        },
        {
            "name": "zendframework/zend-servicemanager",
            "version": "2.2.4",
            "target-dir": "Zend/ServiceManager",
            "source": {
                "type": "git",
                "url": "https://github.com/zendframework/Component_ZendServiceManager.git",
                "reference": "e05c29f8d7da6e2c26d2d8b334324932a73afa78"
            },
            "dist": {
                "type": "zip",
                "url": "https://packages.zendframework.com/composer/zendframework-zend-servicemanager-e05c29f8d7da6e2c26d2d8b334324932a73afa78-zip-f7214e.zip",
                "reference": "2.2.4",
                "shasum": "6949fad3959afa679f877c06facfc9ecaa0f89b8"
            },
            "require": {
                "php": ">=5.3.3"
            },
            "suggest": {
                "zendframework/zend-di": "Zend\\Di component"
            },
            "type": "library",
            "extra": {
                "branch-alias": {
                    "dev-master": "2.2-dev",
                    "dev-develop": "2.3-dev"
                }
            },
            "autoload": {
                "psr-0": {
                    "Zend\\ServiceManager\\": ""
                }
            },
            "license": [
                "BSD-3-Clause"
            ],
            "description": " ",
            "keywords": [
                "servicemanager",
                "zf2"
            ],
            "support": {
                "source": "https://github.com/zendframework/Component_ZendServiceManager/tree/release-2.2.3"
            },
            "time": "2013-08-21 17:07:36"
        },
        {
            "name": "zendframework/zend-stdlib",
            "version": "2.2.4",
            "target-dir": "Zend/Stdlib",
            "source": {
                "type": "git",
                "url": "https://github.com/zendframework/Component_ZendStdlib.git",
                "reference": "7c87ce4e840957596bf3401fa4ae4fb0355682e2"
            },
            "dist": {
                "type": "zip",
                "url": "https://packages.zendframework.com/composer/zendframework-zend-stdlib-7c87ce4e840957596bf3401fa4ae4fb0355682e2-zip-ac5a1a.zip",
                "reference": "2.2.4",
                "shasum": "eda09687763db7ad8ce8908a7f89f3ce0daa9f1d"
            },
            "require": {
                "php": ">=5.3.3"
            },
            "suggest": {
                "zendframework/zend-eventmanager": "To support aggregate hydrator usage",
                "zendframework/zend-servicemanager": "To support hydrator plugin manager usage"
            },
            "type": "library",
            "extra": {
                "branch-alias": {
                    "dev-master": "2.2-dev",
                    "dev-develop": "2.3-dev"
                }
            },
            "autoload": {
                "psr-0": {
                    "Zend\\Stdlib\\": ""
                }
            },
            "license": [
                "BSD-3-Clause"
            ],
            "description": " ",
            "keywords": [
                "stdlib",
                "zf2"
            ],
            "support": {
                "source": "https://github.com/zendframework/Component_ZendStdlib/tree/release-2.2.3"
            },
            "time": "2013-08-21 17:08:07"
        }
    ],
    "packages-dev": [

    ],
    "aliases": [

    ],
    "minimum-stability": "stable",
    "stability-flags": {
        "guzzle/guzzle": 20,
        "benthedesigner/dropbox": 20,
        "doctrine/collections": 20
    },
    "platform": {
        "php": ">=5.3.2"
    },
    "platform-dev": [

    ]
}
